
Microsoft Visual Studio Solution File, Format Version 12.00
# Visual Studio Version 17
VisualStudioVersion = 17.11.35208.52
MinimumVisualStudioVersion = 10.0.40219.1
Project("{FAE04EC0-301F-11D3-BF4B-00C04F79EFBC}") = "ChannelSimulation", "ChannelSimulation\ChannelSimulation.csproj", "{F7493F65-D2B3-45E5-BA47-FFB7F86E128A}"
EndProject
Global
	GlobalSection(SolutionConfigurationPlatforms) = preSolution
		Debug|Any CPU = Debug|Any CPU
		Release|Any CPU = Release|Any CPU
	EndGlobalSection
	GlobalSection(ProjectConfigurationPlatforms) = postSolution
		{F7493F65-D2B3-45E5-BA47-FFB7F86E128A}.Debug|Any CPU.ActiveCfg = Debug|Any CPU
		{F7493F65-D2B3-45E5-BA47-FFB7F86E128A}.Debug|Any CPU.Build.0 = Debug|Any CPU
		{F7493F65-D2B3-45E5-BA47-FFB7F86E128A}.Release|Any CPU.ActiveCfg = Release|Any CPU
		{F7493F65-D2B3-45E5-BA47-FFB7F86E128A}.Release|Any CPU.Build.0 = Release|Any CPU
	EndGlobalSection
	GlobalSection(SolutionProperties) = preSolution
		HideSolutionNode = FALSE
	EndGlobalSection
	GlobalSection(ExtensibilityGlobals) = postSolution
		SolutionGuid = {8F524829-93D0-4CAC-9446-CECE3FC0339A}
	EndGlobalSection
EndGlobal
